// !$*UTF8*$!
{
	archiveVersion = 1;
	classes = {
	};
	objectVersion = 55;
	objects = {

/* Begin PBXBuildFile section */
		34DAEEC22886A51900CE1A45 /* EatXApp.swift in Sources */ = {isa = PBXBuildFile; fileRef = 34DAEEC12886A51900CE1A45 /* EatXApp.swift */; };
		34DAEEC42886A51900CE1A45 /* ContentView.swift in Sources */ = {isa = PBXBuildFile; fileRef = 34DAEEC32886A51900CE1A45 /* ContentView.swift */; };
		34DAEEC62886A51A00CE1A45 /* Assets.xcassets in Resources */ = {isa = PBXBuildFile; fileRef = 34DAEEC52886A51A00CE1A45 /* Assets.xcassets */; };
		34DAEEC92886A51A00CE1A45 /* Preview Assets.xcassets in Resources */ = {isa = PBXBuildFile; fileRef = 34DAEEC82886A51A00CE1A45 /* Preview Assets.xcassets */; };
		34DAEED02886A5F100CE1A45 /* FoodModel.swift in Sources */ = {isa = PBXBuildFile; fileRef = 34DAEECF2886A5F100CE1A45 /* FoodModel.swift */; };
		34DAEED22886A60D00CE1A45 /* ModelData.swift in Sources */ = {isa = PBXBuildFile; fileRef = 34DAEED12886A60D00CE1A45 /* ModelData.swift */; };
		34DAEED42886A79900CE1A45 /* FoodCard.swift in Sources */ = {isa = PBXBuildFile; fileRef = 34DAEED32886A79900CE1A45 /* FoodCard.swift */; };
		34DAEED62886C97E00CE1A45 /* MealIcon.swift in Sources */ = {isa = PBXBuildFile; fileRef = 34DAEED52886C97E00CE1A45 /* MealIcon.swift */; };
/* End PBXBuildFile section */

/* Begin PBXFileReference section */
		34DAEEBE2886A51900CE1A45 /* EatX.app */ = {isa = PBXFileReference; explicitFileType = wrapper.application; includeInIndex = 0; path = EatX.app; sourceTree = BUILT_PRODUCTS_DIR; };
		34DAEEC12886A51900CE1A45 /* EatXApp.swift */ = {isa = PBXFileReference; lastKnownFileType = sourcecode.swift; path = EatXApp.swift; sourceTree = "<group>"; };
		34DAEEC32886A51900CE1A45 /* ContentView.swift */ = {isa = PBXFileReference; lastKnownFileType = sourcecode.swift; path = ContentView.swift; sourceTree = "<group>"; };
		34DAEEC52886A51A00CE1A45 /* Assets.xcassets */ = {isa = PBXFileReference; lastKnownFileType = folder.assetcatalog; path = Assets.xcassets; sourceTree = "<group>"; };
		34DAEEC82886A51A00CE1A45 /* Preview Assets.xcassets */ = {isa = PBXFileReference; lastKnownFileType = folder.assetcatalog; path = "Preview Assets.xcassets"; sourceTree = "<group>"; };
		34DAEECF2886A5F100CE1A45 /* FoodModel.swift */ = {isa = PBXFileReference; lastKnownFileType = sourcecode.swift; path = FoodModel.swift; sourceTree = "<group>"; };
		34DAEED12886A60D00CE1A45 /* ModelData.swift */ = {isa = PBXFileReference; lastKnownFileType = sourcecode.swift; path = ModelData.swift; sourceTree = "<group>"; };
		34DAEED32886A79900CE1A45 /* FoodCard.swift */ = {isa = PBXFileReference; lastKnownFileType = sourcecode.swift; path = FoodCard.swift; sourceTree = "<group>"; };
		34DAEED52886C97E00CE1A45 /* MealIcon.swift */ = {isa = PBXFileReference; lastKnownFileType = sourcecode.swift; path = MealIcon.swift; sourceTree = "<group>"; };
/* End PBXFileReference section */

/* Begin PBXFrameworksBuildPhase section */
		34DAEEBB2886A51900CE1A45 /* Frameworks */ = {
			isa = PBXFrameworksBuildPhase;
			buildActionMask = 2147483647;
			files = (
			);
			runOnlyForDeploymentPostprocessing = 0;
		};
/* End PBXFrameworksBuildPhase section */

/* Begin PBXGroup section */
		34DAEEB52886A51900CE1A45 = {
			isa = PBXGroup;
			children = (
				34DAEED52886C97E00CE1A45 /* MealIcon.swift */,
				34DAEEC02886A51900CE1A45 /* EatX */,
				34DAEEBF2886A51900CE1A45 /* Products */,
			);
			sourceTree = "<group>";
		};
		34DAEEBF2886A51900CE1A45 /* Products */ = {
			isa = PBXGroup;
			children = (
				34DAEEBE2886A51900CE1A45 /* EatX.app */,
			);
			name = Products;
			sourceTree = "<group>";
		};
		34DAEEC02886A51900CE1A45 /* EatX */ = {
			isa = PBXGroup;
			children = (
				34DAEEC12886A51900CE1A45 /* EatXApp.swift */,
				34DAEEC32886A51900CE1A45 /* ContentView.swift */,
				34DAEEC52886A51A00CE1A45 /* Assets.xcassets */,
				34DAEED12886A60D00CE1A45 /* ModelData.swift */,
				34DAEECF2886A5F100CE1A45 /* FoodModel.swift */,
				34DAEED32886A79900CE1A45 /* FoodCard.swift */,
				34DAEEC72886A51A00CE1A45 /* Preview Content */,
			);
			path = EatX;
			sourceTree = "<group>";
		};
		34DAEEC72886A51A00CE1A45 /* Preview Content */ = {
			isa = PBXGroup;
			children = (
				34DAEEC82886A51A00CE1A45 /* Preview Assets.xcassets */,
			);
			path = "Preview Content";
			sourceTree = "<group>";
		};
/* End PBXGroup section */

/* Begin PBXNativeTarget section */
		34DAEEBD2886A51900CE1A45 /* EatX */ = {
			isa = PBXNativeTarget;
			buildConfigurationList = 34DAEECC2886A51A00CE1A45 /* Build configuration list for PBXNativeTarget "EatX" */;
			buildPhases = (
				34DAEEBA2886A51900CE1A45 /* Sources */,
				34DAEEBB2886A51900CE1A45 /* Frameworks */,
				34DAEEBC2886A51900CE1A45 /* Resources */,
			);
			buildRules = (
			);
			dependencies = (
			);
			name = EatX;
			productName = EatX;
			productReference = 34DAEEBE2886A51900CE1A45 /* EatX.app */;
			productType = "com.apple.product-type.application";
		};
/* End PBXNativeTarget section */

/* Begin PBXProject section */
		34DAEEB62886A51900CE1A45 /* Project object */ = {
			isa = PBXProject;
			attributes = {
				BuildIndependentTargetsInParallel = 1;
				LastSwiftUpdateCheck = 1340;
				LastUpgradeCheck = 1340;
				TargetAttributes = {
					34DAEEBD2886A51900CE1A45 = {
						CreatedOnToolsVersion = 13.4.1;
					};
				};
			};
			buildConfigurationList = 34DAEEB92886A51900CE1A45 /* Build configuration list for PBXProject "EatX" */;
			compatibilityVersion = "Xcode 13.0";
			developmentRegion = en;
			hasScannedForEncodings = 0;
			knownRegions = (
				en,
				Base,
			);
			mainGroup = 34DAEEB52886A51900CE1A45;
			productRefGroup = 34DAEEBF2886A51900CE1A45 /* Products */;
			projectDirPath = "";
			projectRoot = "";
			targets = (
				34DAEEBD2886A51900CE1A45 /* EatX */,
			);
		};
/* End PBXProject section */

/* Begin PBXResourcesBuildPhase section */
		34DAEEBC2886A51900CE1A45 /* Resources */ = {
			isa = PBXResourcesBuildPhase;
			buildActionMask = 2147483647;
			files = (
				34DAEEC92886A51A00CE1A45 /* Preview Assets.xcassets in Resources */,
				34DAEEC62886A51A00CE1A45 /* Assets.xcassets in Resources */,
			);
			runOnlyForDeploymentPostprocessing = 0;
		};
/* End PBXResourcesBuildPhase section */

/* Begin PBXSourcesBuildPhase section */
		34DAEEBA2886A51900CE1A45 /* Sources */ = {
			isa = PBXSourcesBuildPhase;
			buildActionMask = 2147483647;
			files = (
				34DAEEC42886A51900CE1A45 /* ContentView.swift in Sources */,
				34DAEED22886A60D00CE1A45 /* ModelData.swift in Sources */,
				34DAEED42886A79900CE1A45 /* FoodCard.swift in Sources */,
				34DAEED62886C97E00CE1A45 /* MealIcon.swift in Sources */,
				34DAEEC22886A51900CE1A45 /* EatXApp.swift in Sources */,
				34DAEED02886A5F100CE1A45 /* FoodModel.swift in Sources */,
			);
			runOnlyForDeploymentPostprocessing = 0;
		};
/* End PBXSourcesBuildPhase section */

/* Begin XCBuildConfiguration section */
		34DAEECA2886A51A00CE1A45 /* Debug */ = {
			isa = XCBuildConfiguration;
			buildSettings = {
				ALWAYS_SEARCH_USER_PATHS = NO;
				CLANG_ANALYZER_NONNULL = YES;
				CLANG_ANALYZER_NUMBER_OBJECT_CONVERSION = YES_AGGRESSIVE;
				CLANG_CXX_LANGUAGE_STANDARD = "gnu++17";
				CLANG_ENABLE_MODULES = YES;
				CLANG_ENABLE_OBJC_ARC = YES;
				CLANG_ENABLE_OBJC_WEAK = YES;
				CLANG_WARN_BLOCK_CAPTURE_AUTORELEASING = YES;
				CLANG_WARN_BOOL_CONVERSION = YES;
				CLANG_WARN_COMMA = YES;
				CLANG_WARN_CONSTANT_CONVERSION = YES;
				CLANG_WARN_DEPRECATED_OBJC_IMPLEMENTATIONS = YES;
				CLANG_WARN_DIRECT_OBJC_ISA_USAGE = YES_ERROR;
				CLANG_WARN_DOCUMENTATION_COMMENTS = YES;
				CLANG_WARN_EMPTY_BODY = YES;
				CLANG_WARN_ENUM_CONVERSION = YES;
				CLANG_WARN_INFINITE_RECURSION = YES;
				CLANG_WARN_INT_CONVERSION = YES;
				CLANG_WARN_NON_LITERAL_NULL_CONVERSION = YES;
				CLANG_WARN_OBJC_IMPLICIT_RETAIN_SELF = YES;
				CLANG_WARN_OBJC_LITERAL_CONVERSION = YES;
				CLANG_WARN_OBJC_ROOT_CLASS = YES_ERROR;
				CLANG_WARN_QUOTED_INCLUDE_IN_FRAMEWORK_HEADER = YES;
				CLANG_WARN_RANGE_LOOP_ANALYSIS = YES;
				CLANG_WARN_STRICT_PROTOTYPES = YES;
				CLANG_WARN_SUSPICIOUS_MOVE = YES;
				CLANG_WARN_UNGUARDED_AVAILABILITY = YES_AGGRESSIVE;
				CLANG_WARN_UNREACHABLE_CODE = YES;
				CLANG_WARN__DUPLICATE_METHOD_MATCH = YES;
				COPY_PHASE_STRIP = NO;
				DEBUG_INFORMATION_FORMAT = dwarf;
				ENABLE_STRICT_OBJC_MSGSEND = YES;
				ENABLE_TESTABILITY = YES;
				GCC_C_LANGUAGE_STANDARD = gnu11;
				GCC_DYNAMIC_NO_PIC = NO;
				GCC_NO_COMMON_BLOCKS = YES;
				GCC_OPTIMIZATION_LEVEL = 0;
				GCC_PREPROCESSOR_DEFINITIONS = (
					"DEBUG=1",
					"$(inherited)",
				);
				GCC_WARN_64_TO_32_BIT_CONVERSION = YES;
				GCC_WARN_ABOUT_RETURN_TYPE = YES_ERROR;
				GCC_WARN_UNDECLARED_SELECTOR = YES;
				GCC_WARN_UNINITIALIZED_AUTOS = YES_AGGRESSIVE;
				GCC_WARN_UNUSED_FUNCTION = YES;
				GCC_WARN_UNUSED_VARIABLE = YES;
				IPHONEOS_DEPLOYMENT_TARGET = 15.5;
				MTL_ENABLE_DEBUG_INFO = INCLUDE_SOURCE;
				MTL_FAST_MATH = YES;
				ONLY_ACTIVE_ARCH = YES;
				SDKROOT = iphoneos;
				SWIFT_ACTIVE_COMPILATION_CONDITIONS = DEBUG;
				SWIFT_OPTIMIZATION_LEVEL = "-Onone";
			};
			name = Debug;
		};
		34DAEECB2886A51A00CE1A45 /* Release */ = {
			isa = XCBuildConfiguration;
			buildSettings = {
				ALWAYS_SEARCH_USER_PATHS = NO;
				CLANG_ANALYZER_NONNULL = YES;
				CLANG_ANALYZER_NUMBER_OBJECT_CONVERSION = YES_AGGRESSIVE;
				CLANG_CXX_LANGUAGE_STANDARD = "gnu++17";
				CLANG_ENABLE_MODULES = YES;
				CLANG_ENABLE_OBJC_ARC = YES;
				CLANG_ENABLE_OBJC_WEAK = YES;
				CLANG_WARN_BLOCK_CAPTURE_AUTORELEASING = YES;
				CLANG_WARN_BOOL_CONVERSION = YES;
				CLANG_WARN_COMMA = YES;
				CLANG_WARN_CONSTANT_CONVERSION = YES;
				CLANG_WARN_DEPRECATED_OBJC_IMPLEMENTATIONS = YES;
				CLANG_WARN_DIRECT_OBJC_ISA_USAGE = YES_ERROR;
				CLANG_WARN_DOCUMENTATION_COMMENTS = YES;
				CLANG_WARN_EMPTY_BODY = YES;
				CLANG_WARN_ENUM_CONVERSION = YES;
				CLANG_WARN_INFINITE_RECURSION = YES;
				CLANG_WARN_INT_CONVERSION = YES;
				CLANG_WARN_NON_LITERAL_NULL_CONVERSION = YES;
				CLANG_WARN_OBJC_IMPLICIT_RETAIN_SELF = YES;
				CLANG_WARN_OBJC_LITERAL_CONVERSION = YES;
				CLANG_WARN_OBJC_ROOT_CLASS = YES_ERROR;
				CLANG_WARN_QUOTED_INCLUDE_IN_FRAMEWORK_HEADER = YES;
				CLANG_WARN_RANGE_LOOP_ANALYSIS = YES;
				CLANG_WARN_STRICT_PROTOTYPES = YES;
				CLANG_WARN_SUSPICIOUS_MOVE = YES;
				CLANG_WARN_UNGUARDED_AVAILABILITY = YES_AGGRESSIVE;
				CLANG_WARN_UNREACHABLE_CODE = YES;
				CLANG_WARN__DUPLICATE_METHOD_MATCH = YES;
				COPY_PHASE_STRIP = NO;
				DEBUG_INFORMATION_FORMAT = "dwarf-with-dsym";
				ENABLE_NS_ASSERTIONS = NO;
				ENABLE_STRICT_OBJC_MSGSEND = YES;
				GCC_C_LANGUAGE_STANDARD = gnu11;
				GCC_NO_COMMON_BLOCKS = YES;
				GCC_WARN_64_TO_32_BIT_CONVERSION = YES;
				GCC_WARN_ABOUT_RETURN_TYPE = YES_ERROR;
				GCC_WARN_UNDECLARED_SELECTOR = YES;
				GCC_WARN_UNINITIALIZED_AUTOS = YES_AGGRESSIVE;
				GCC_WARN_UNUSED_FUNCTION = YES;
				GCC_WARN_UNUSED_VARIABLE = YES;
				IPHONEOS_DEPLOYMENT_TARGET = 15.5;
				MTL_ENABLE_DEBUG_INFO = NO;
				MTL_FAST_MATH = YES;
				SDKROOT = iphoneos;
				SWIFT_COMPILATION_MODE = wholemodule;
				SWIFT_OPTIMIZATION_LEVEL = "-O";
				VALIDATE_PRODUCT = YES;
			};
			name = Release;
		};
		34DAEECD2886A51A00CE1A45 /* Debug */ = {
			isa = XCBuildConfiguration;
			buildSettings = {
				ASSETCATALOG_COMPILER_APPICON_NAME = AppIcon;
				ASSETCATALOG_COMPILER_GLOBAL_ACCENT_COLOR_NAME = AccentColor;
				CODE_SIGN_STYLE = Automatic;
				CURRENT_PROJECT_VERSION = 1;
				DEVELOPMENT_ASSET_PATHS = "\"EatX/Preview Content\"";
				DEVELOPMENT_TEAM = 4AQLK4VT6N;
				ENABLE_PREVIEWS = YES;
				GENERATE_INFOPLIST_FILE = YES;
				INFOPLIST_KEY_UIApplicationSceneManifest_Generation = YES;
				INFOPLIST_KEY_UIApplicationSupportsIndirectInputEvents = YES;
				INFOPLIST_KEY_UILaunchScreen_Generation = YES;
				INFOPLIST_KEY_UISupportedInterfaceOrientations_iPad = "UIInterfaceOrientationPortrait UIInterfaceOrientationPortraitUpsideDown UIInterfaceOrientationLandscapeLeft UIInterfaceOrientationLandscapeRight";
				INFOPLIST_KEY_UISupportedInterfaceOrientations_iPhone = "UIInterfaceOrientationPortrait UIInterfaceOrientationLandscapeLeft UIInterfaceOrientationLandscapeRight";
				LD_RUNPATH_SEARCH_PATHS = (
					"$(inherited)",
					"@executable_path/Frameworks",
				);
				MARKETING_VERSION = 1.0;
				PRODUCT_BUNDLE_IDENTIFIER = com.phi.EatX;
				PRODUCT_NAME = "$(TARGET_NAME)";
				SWIFT_EMIT_LOC_STRINGS = YES;
				SWIFT_VERSION = 5.0;
				TARGETED_DEVICE_FAMILY = "1,2";
			};
			name = Debug;
		};
		34DAEECE2886A51A00CE1A45 /* Release */ = {
			isa = XCBuildConfiguration;
			buildSettings = {
				ASSETCATALOG_COMPILER_APPICON_NAME = AppIcon;
				ASSETCATALOG_COMPILER_GLOBAL_ACCENT_COLOR_NAME = AccentColor;
				CODE_SIGN_STYLE = Automatic;
				CURRENT_PROJECT_VERSION = 1;
				DEVELOPMENT_ASSET_PATHS = "\"EatX/Preview Content\"";
				DEVELOPMENT_TEAM = 4AQLK4VT6N;
				ENABLE_PREVIEWS = YES;
				GENERATE_INFOPLIST_FILE = YES;
				INFOPLIST_KEY_UIApplicationSceneManifest_Generation = YES;
				INFOPLIST_KEY_UIApplicationSupportsIndirectInputEvents = YES;
				INFOPLIST_KEY_UILaunchScreen_Generation = YES;
				INFOPLIST_KEY_UISupportedInterfaceOrientations_iPad = "UIInterfaceOrientationPortrait UIInterfaceOrientationPortraitUpsideDown UIInterfaceOrientationLandscapeLeft UIInterfaceOrientationLandscapeRight";
				INFOPLIST_KEY_UISupportedInterfaceOrientations_iPhone = "UIInterfaceOrientationPortrait UIInterfaceOrientationLandscapeLeft UIInterfaceOrientationLandscapeRight";
				LD_RUNPATH_SEARCH_PATHS = (
					"$(inherited)",
					"@executable_path/Frameworks",
				);
				MARKETING_VERSION = 1.0;
				PRODUCT_BUNDLE_IDENTIFIER = com.phi.EatX;
				PRODUCT_NAME = "$(TARGET_NAME)";
				SWIFT_EMIT_LOC_STRINGS = YES;
				SWIFT_VERSION = 5.0;
				TARGETED_DEVICE_FAMILY = "1,2";
			};
			name = Release;
		};
/* End XCBuildConfiguration section */

/* Begin XCConfigurationList section */
		34DAEEB92886A51900CE1A45 /* Build configuration list for PBXProject "EatX" */ = {
			isa = XCConfigurationList;
			buildConfigurations = (
				34DAEECA2886A51A00CE1A45 /* Debug */,
				34DAEECB2886A51A00CE1A45 /* Release */,
			);
			defaultConfigurationIsVisible = 0;
			defaultConfigurationName = Release;
		};
		34DAEECC2886A51A00CE1A45 /* Build configuration list for PBXNativeTarget "EatX" */ = {
			isa = XCConfigurationList;
			buildConfigurations = (
				34DAEECD2886A51A00CE1A45 /* Debug */,
				34DAEECE2886A51A00CE1A45 /* Release */,
			);
			defaultConfigurationIsVisible = 0;
			defaultConfigurationName = Release;
		};
/* End XCConfigurationList section */
	};
	rootObject = 34DAEEB62886A51900CE1A45 /* Project object */;
}
